
Microsoft Visual Studio Solution File, Format Version 12.00
# Visual Studio Version 16
VisualStudioVersion = 16.0.32106.194
MinimumVisualStudioVersion = 10.0.40219.1
Project("{FAE04EC0-301F-11D3-BF4B-00C04F79EFBC}") = "program5", "program5\program5.csproj", "{AB51C379-1140-449E-86FA-2249A2461821}"
EndProject
Global
	GlobalSection(SolutionConfigurationPlatforms) = preSolution
		Debug|Any CPU = Debug|Any CPU
		Release|Any CPU = Release|Any CPU
	EndGlobalSection
	GlobalSection(ProjectConfigurationPlatforms) = postSolution
		{AB51C379-1140-449E-86FA-2249A2461821}.Debug|Any CPU.ActiveCfg = Debug|Any CPU
		{AB51C379-1140-449E-86FA-2249A2461821}.Debug|Any CPU.Build.0 = Debug|Any CPU
		{AB51C379-1140-449E-86FA-2249A2461821}.Release|Any CPU.ActiveCfg = Release|Any CPU
		{AB51C379-1140-449E-86FA-2249A2461821}.Release|Any CPU.Build.0 = Release|Any CPU
	EndGlobalSection
	GlobalSection(SolutionProperties) = preSolution
		HideSolutionNode = FALSE
	EndGlobalSection
	GlobalSection(ExtensibilityGlobals) = postSolution
		SolutionGuid = {14E5998C-9704-4CE9-9F29-FF42FC210314}
	EndGlobalSection
EndGlobal
