
Microsoft Visual Studio Solution File, Format Version 12.00
# Visual Studio Version 16
VisualStudioVersion = 16.0.31424.327
MinimumVisualStudioVersion = 10.0.40219.1
Project("{FAE04EC0-301F-11D3-BF4B-00C04F79EFBC}") = "Program4", "Program4\Program4.csproj", "{1F7B7DE4-A35F-4839-8C54-856B2B9C9EDB}"
EndProject
Global
	GlobalSection(SolutionConfigurationPlatforms) = preSolution
		Debug|Any CPU = Debug|Any CPU
		Release|Any CPU = Release|Any CPU
	EndGlobalSection
	GlobalSection(ProjectConfigurationPlatforms) = postSolution
		{1F7B7DE4-A35F-4839-8C54-856B2B9C9EDB}.Debug|Any CPU.ActiveCfg = Debug|Any CPU
		{1F7B7DE4-A35F-4839-8C54-856B2B9C9EDB}.Debug|Any CPU.Build.0 = Debug|Any CPU
		{1F7B7DE4-A35F-4839-8C54-856B2B9C9EDB}.Release|Any CPU.ActiveCfg = Release|Any CPU
		{1F7B7DE4-A35F-4839-8C54-856B2B9C9EDB}.Release|Any CPU.Build.0 = Release|Any CPU
	EndGlobalSection
	GlobalSection(SolutionProperties) = preSolution
		HideSolutionNode = FALSE
	EndGlobalSection
	GlobalSection(ExtensibilityGlobals) = postSolution
		SolutionGuid = {913DA562-557A-4A4D-944E-D5E87FAA9939}
	EndGlobalSection
EndGlobal
