
Microsoft Visual Studio Solution File, Format Version 12.00
# Visual Studio Version 16
VisualStudioVersion = 16.0.31424.327
MinimumVisualStudioVersion = 10.0.40219.1
Project("{FAE04EC0-301F-11D3-BF4B-00C04F79EFBC}") = "Program6", "Program6\Program6.csproj", "{27A5EBD0-3B6F-476C-9407-55FB98F51525}"
EndProject
Global
	GlobalSection(SolutionConfigurationPlatforms) = preSolution
		Debug|Any CPU = Debug|Any CPU
		Release|Any CPU = Release|Any CPU
	EndGlobalSection
	GlobalSection(ProjectConfigurationPlatforms) = postSolution
		{27A5EBD0-3B6F-476C-9407-55FB98F51525}.Debug|Any CPU.ActiveCfg = Debug|Any CPU
		{27A5EBD0-3B6F-476C-9407-55FB98F51525}.Debug|Any CPU.Build.0 = Debug|Any CPU
		{27A5EBD0-3B6F-476C-9407-55FB98F51525}.Release|Any CPU.ActiveCfg = Release|Any CPU
		{27A5EBD0-3B6F-476C-9407-55FB98F51525}.Release|Any CPU.Build.0 = Release|Any CPU
	EndGlobalSection
	GlobalSection(SolutionProperties) = preSolution
		HideSolutionNode = FALSE
	EndGlobalSection
	GlobalSection(ExtensibilityGlobals) = postSolution
		SolutionGuid = {BA5471AD-C958-4B90-92A1-AC697110EBFF}
	EndGlobalSection
EndGlobal
